# THIS IS AN AUTOGENERATED FILE. DO NOT EDIT THIS FILE DIRECTLY.
# yarn lockfile v1


start-server-webpack-plugin@^2.2.5:
  version "2.2.5"
  resolved "https://registry.yarnpkg.com/start-server-webpack-plugin/-/start-server-webpack-plugin-2.2.5.tgz#4a2838759b0f36acd11b0b2f5f196f289ae29d31"
  integrity sha512-DRCkciwCJoCFZ+wt3wWMkR1M2mpVhJbUKFXqhK3FWyIUKYb42NnocH5sMwqgo+nPNHupqNwK/v8lgfBbr2NKdg==

webpack-node-externals@^2.5.2:
  version "2.5.2"
  resolved "https://registry.yarnpkg.com/webpack-node-externals/-/webpack-node-externals-2.5.2.tgz#178e017a24fec6015bc9e672c77958a6afac861d"
  integrity sha512-aHdl/y2N7PW2Sx7K+r3AxpJO+aDMcYzMQd60Qxefq3+EwhewSbTBqNumOsCE1JsCUNoyfGj5465N0sSf6hc/5w==
